
Microsoft Visual Studio Solution File, Format Version 12.00
# Visual Studio Version 16
VisualStudioVersion = 16.0.30011.22
MinimumVisualStudioVersion = 10.0.40219.1
Project("{8BC9CEB8-8B4A-11D0-8D11-00A0C91BC942}") = "laba1", "laba1\laba1.vcxproj", "{867A40E9-C5BB-4B8F-B79B-C8C016B3A588}"
EndProject
Global
	GlobalSection(SolutionConfigurationPlatforms) = preSolution
		Debug|x64 = Debug|x64
		Debug|x86 = Debug|x86
		Release|x64 = Release|x64
		Release|x86 = Release|x86
	EndGlobalSection
	GlobalSection(ProjectConfigurationPlatforms) = postSolution
		{867A40E9-C5BB-4B8F-B79B-C8C016B3A588}.Debug|x64.ActiveCfg = Debug|x64
		{867A40E9-C5BB-4B8F-B79B-C8C016B3A588}.Debug|x64.Build.0 = Debug|x64
		{867A40E9-C5BB-4B8F-B79B-C8C016B3A588}.Debug|x86.ActiveCfg = Debug|x64
		{867A40E9-C5BB-4B8F-B79B-C8C016B3A588}.Debug|x86.Build.0 = Debug|x64
		{867A40E9-C5BB-4B8F-B79B-C8C016B3A588}.Release|x64.ActiveCfg = Release|x64
		{867A40E9-C5BB-4B8F-B79B-C8C016B3A588}.Release|x64.Build.0 = Release|x64
		{867A40E9-C5BB-4B8F-B79B-C8C016B3A588}.Release|x86.ActiveCfg = Release|Win32
		{867A40E9-C5BB-4B8F-B79B-C8C016B3A588}.Release|x86.Build.0 = Release|Win32
	EndGlobalSection
	GlobalSection(SolutionProperties) = preSolution
		HideSolutionNode = FALSE
	EndGlobalSection
	GlobalSection(ExtensibilityGlobals) = postSolution
		SolutionGuid = {4D56724B-A6A4-4238-80D4-4434691F8FFA}
	EndGlobalSection
EndGlobal
